// !$*UTF8*$!
{
	archiveVersion = 1;
	classes = {
	};
	objectVersion = 50;
	objects = {

/* Begin PBXBuildFile section */
		D5184C12232F7BF3008A2132 /* AppDelegate.swift in Sources */ = {isa = PBXBuildFile; fileRef = D5184C11232F7BF3008A2132 /* AppDelegate.swift */; };
		D5184C14232F7BF3008A2132 /* CustomVideoViewController.swift in Sources */ = {isa = PBXBuildFile; fileRef = D5184C13232F7BF3008A2132 /* CustomVideoViewController.swift */; };
		D5184C17232F7BF3008A2132 /* Main.storyboard in Resources */ = {isa = PBXBuildFile; fileRef = D5184C15232F7BF3008A2132 /* Main.storyboard */; };
		D5184C19232F7BF4008A2132 /* Assets.xcassets in Resources */ = {isa = PBXBuildFile; fileRef = D5184C18232F7BF4008A2132 /* Assets.xcassets */; };
		D5184C1C232F7BF4008A2132 /* LaunchScreen.storyboard in Resources */ = {isa = PBXBuildFile; fileRef = D5184C1A232F7BF4008A2132 /* LaunchScreen.storyboard */; };
		D51CC9512338F1C300D63F78 /* VideoPlayerEnums.swift in Sources */ = {isa = PBXBuildFile; fileRef = D51CC9502338F1C300D63F78 /* VideoPlayerEnums.swift */; };
		D54083D2234226FB00586C06 /* VideoDrawWork.swift in Sources */ = {isa = PBXBuildFile; fileRef = D54083D1234226FB00586C06 /* VideoDrawWork.swift */; };
		D54482AE233B5FA1002B7FB7 /* DrawingModel.swift in Sources */ = {isa = PBXBuildFile; fileRef = D54482AD233B5FA1002B7FB7 /* DrawingModel.swift */; };
		D54482B0233B7B5F002B7FB7 /* MirrorViewController.swift in Sources */ = {isa = PBXBuildFile; fileRef = D54482AF233B7B5F002B7FB7 /* MirrorViewController.swift */; };
		D5870303233A0DBC000408D8 /* GolfVideoModel.swift in Sources */ = {isa = PBXBuildFile; fileRef = D5870302233A0DBB000408D8 /* GolfVideoModel.swift */; };
		D5870306233A5D05000408D8 /* said.mp4 in Resources */ = {isa = PBXBuildFile; fileRef = D5870305233A5BA7000408D8 /* said.mp4 */; };
		D5870307233A5D05000408D8 /* yigit.mp4 in Resources */ = {isa = PBXBuildFile; fileRef = D5870304233A5BA7000408D8 /* yigit.mp4 */; };
/* End PBXBuildFile section */

/* Begin PBXFileReference section */
		D5184C0E232F7BF3008A2132 /* VideoPlayerExample.app */ = {isa = PBXFileReference; explicitFileType = wrapper.application; includeInIndex = 0; path = VideoPlayerExample.app; sourceTree = BUILT_PRODUCTS_DIR; };
		D5184C11232F7BF3008A2132 /* AppDelegate.swift */ = {isa = PBXFileReference; lastKnownFileType = sourcecode.swift; path = AppDelegate.swift; sourceTree = "<group>"; };
		D5184C13232F7BF3008A2132 /* CustomVideoViewController.swift */ = {isa = PBXFileReference; lastKnownFileType = sourcecode.swift; path = CustomVideoViewController.swift; sourceTree = "<group>"; };
		D5184C16232F7BF3008A2132 /* Base */ = {isa = PBXFileReference; lastKnownFileType = file.storyboard; name = Base; path = Base.lproj/Main.storyboard; sourceTree = "<group>"; };
		D5184C18232F7BF4008A2132 /* Assets.xcassets */ = {isa = PBXFileReference; lastKnownFileType = folder.assetcatalog; path = Assets.xcassets; sourceTree = "<group>"; };
		D5184C1B232F7BF4008A2132 /* Base */ = {isa = PBXFileReference; lastKnownFileType = file.storyboard; name = Base; path = Base.lproj/LaunchScreen.storyboard; sourceTree = "<group>"; };
		D5184C1D232F7BF4008A2132 /* Info.plist */ = {isa = PBXFileReference; lastKnownFileType = text.plist.xml; path = Info.plist; sourceTree = "<group>"; };
		D51CC9502338F1C300D63F78 /* VideoPlayerEnums.swift */ = {isa = PBXFileReference; lastKnownFileType = sourcecode.swift; path = VideoPlayerEnums.swift; sourceTree = "<group>"; };
		D54083D1234226FB00586C06 /* VideoDrawWork.swift */ = {isa = PBXFileReference; lastKnownFileType = sourcecode.swift; path = VideoDrawWork.swift; sourceTree = "<group>"; };
		D54482AD233B5FA1002B7FB7 /* DrawingModel.swift */ = {isa = PBXFileReference; lastKnownFileType = sourcecode.swift; path = DrawingModel.swift; sourceTree = "<group>"; };
		D54482AF233B7B5F002B7FB7 /* MirrorViewController.swift */ = {isa = PBXFileReference; lastKnownFileType = sourcecode.swift; path = MirrorViewController.swift; sourceTree = "<group>"; };
		D5870302233A0DBB000408D8 /* GolfVideoModel.swift */ = {isa = PBXFileReference; lastKnownFileType = sourcecode.swift; path = GolfVideoModel.swift; sourceTree = "<group>"; };
		D5870304233A5BA7000408D8 /* yigit.mp4 */ = {isa = PBXFileReference; lastKnownFileType = file; path = yigit.mp4; sourceTree = "<group>"; };
		D5870305233A5BA7000408D8 /* said.mp4 */ = {isa = PBXFileReference; lastKnownFileType = file; path = said.mp4; sourceTree = "<group>"; };
/* End PBXFileReference section */

/* Begin PBXFrameworksBuildPhase section */
		D5184C0B232F7BF3008A2132 /* Frameworks */ = {
			isa = PBXFrameworksBuildPhase;
			buildActionMask = 2147483647;
			files = (
			);
			runOnlyForDeploymentPostprocessing = 0;
		};
/* End PBXFrameworksBuildPhase section */

/* Begin PBXGroup section */
		D5184C05232F7BF3008A2132 = {
			isa = PBXGroup;
			children = (
				D5184C10232F7BF3008A2132 /* VideoPlayerExample */,
				D5184C0F232F7BF3008A2132 /* Products */,
			);
			sourceTree = "<group>";
		};
		D5184C0F232F7BF3008A2132 /* Products */ = {
			isa = PBXGroup;
			children = (
				D5184C0E232F7BF3008A2132 /* VideoPlayerExample.app */,
			);
			name = Products;
			sourceTree = "<group>";
		};
		D5184C10232F7BF3008A2132 /* VideoPlayerExample */ = {
			isa = PBXGroup;
			children = (
				D5184C11232F7BF3008A2132 /* AppDelegate.swift */,
				D54482B6233B8629002B7FB7 /* Controllers */,
				D54482B5233B860C002B7FB7 /* Models */,
				D54482B7233B863E002B7FB7 /* Videos */,
				D54482B8233B865C002B7FB7 /* Enums */,
				D5184C15232F7BF3008A2132 /* Main.storyboard */,
				D5184C18232F7BF4008A2132 /* Assets.xcassets */,
				D5184C1A232F7BF4008A2132 /* LaunchScreen.storyboard */,
				D5184C1D232F7BF4008A2132 /* Info.plist */,
			);
			path = VideoPlayerExample;
			sourceTree = "<group>";
		};
		D54482B5233B860C002B7FB7 /* Models */ = {
			isa = PBXGroup;
			children = (
				D54482AD233B5FA1002B7FB7 /* DrawingModel.swift */,
				D5870302233A0DBB000408D8 /* GolfVideoModel.swift */,
				D54083D1234226FB00586C06 /* VideoDrawWork.swift */,
			);
			name = Models;
			sourceTree = "<group>";
		};
		D54482B6233B8629002B7FB7 /* Controllers */ = {
			isa = PBXGroup;
			children = (
				D5184C13232F7BF3008A2132 /* CustomVideoViewController.swift */,
				D54482AF233B7B5F002B7FB7 /* MirrorViewController.swift */,
			);
			name = Controllers;
			sourceTree = "<group>";
		};
		D54482B7233B863E002B7FB7 /* Videos */ = {
			isa = PBXGroup;
			children = (
				D5870305233A5BA7000408D8 /* said.mp4 */,
				D5870304233A5BA7000408D8 /* yigit.mp4 */,
			);
			name = Videos;
			sourceTree = "<group>";
		};
		D54482B8233B865C002B7FB7 /* Enums */ = {
			isa = PBXGroup;
			children = (
				D51CC9502338F1C300D63F78 /* VideoPlayerEnums.swift */,
			);
			name = Enums;
			sourceTree = "<group>";
		};
/* End PBXGroup section */

/* Begin PBXNativeTarget section */
		D5184C0D232F7BF3008A2132 /* VideoPlayerExample */ = {
			isa = PBXNativeTarget;
			buildConfigurationList = D5184C20232F7BF4008A2132 /* Build configuration list for PBXNativeTarget "VideoPlayerExample" */;
			buildPhases = (
				D5184C0A232F7BF3008A2132 /* Sources */,
				D5184C0B232F7BF3008A2132 /* Frameworks */,
				D5184C0C232F7BF3008A2132 /* Resources */,
			);
			buildRules = (
			);
			dependencies = (
			);
			name = VideoPlayerExample;
			productName = VideoPlayerExample;
			productReference = D5184C0E232F7BF3008A2132 /* VideoPlayerExample.app */;
			productType = "com.apple.product-type.application";
		};
/* End PBXNativeTarget section */

/* Begin PBXProject section */
		D5184C06232F7BF3008A2132 /* Project object */ = {
			isa = PBXProject;
			attributes = {
				LastSwiftUpdateCheck = 1030;
				LastUpgradeCheck = 1030;
				ORGANIZATIONNAME = "rapsodo-mobil-5";
				TargetAttributes = {
					D5184C0D232F7BF3008A2132 = {
						CreatedOnToolsVersion = 10.3;
					};
				};
			};
			buildConfigurationList = D5184C09232F7BF3008A2132 /* Build configuration list for PBXProject "VideoPlayerExample" */;
			compatibilityVersion = "Xcode 9.3";
			developmentRegion = en;
			hasScannedForEncodings = 0;
			knownRegions = (
				en,
				Base,
			);
			mainGroup = D5184C05232F7BF3008A2132;
			productRefGroup = D5184C0F232F7BF3008A2132 /* Products */;
			projectDirPath = "";
			projectRoot = "";
			targets = (
				D5184C0D232F7BF3008A2132 /* VideoPlayerExample */,
			);
		};
/* End PBXProject section */

/* Begin PBXResourcesBuildPhase section */
		D5184C0C232F7BF3008A2132 /* Resources */ = {
			isa = PBXResourcesBuildPhase;
			buildActionMask = 2147483647;
			files = (
				D5870306233A5D05000408D8 /* said.mp4 in Resources */,
				D5870307233A5D05000408D8 /* yigit.mp4 in Resources */,
				D5184C1C232F7BF4008A2132 /* LaunchScreen.storyboard in Resources */,
				D5184C19232F7BF4008A2132 /* Assets.xcassets in Resources */,
				D5184C17232F7BF3008A2132 /* Main.storyboard in Resources */,
			);
			runOnlyForDeploymentPostprocessing = 0;
		};
/* End PBXResourcesBuildPhase section */

/* Begin PBXSourcesBuildPhase section */
		D5184C0A232F7BF3008A2132 /* Sources */ = {
			isa = PBXSourcesBuildPhase;
			buildActionMask = 2147483647;
			files = (
				D5870303233A0DBC000408D8 /* GolfVideoModel.swift in Sources */,
				D5184C14232F7BF3008A2132 /* CustomVideoViewController.swift in Sources */,
				D54083D2234226FB00586C06 /* VideoDrawWork.swift in Sources */,
				D54482AE233B5FA1002B7FB7 /* DrawingModel.swift in Sources */,
				D51CC9512338F1C300D63F78 /* VideoPlayerEnums.swift in Sources */,
				D5184C12232F7BF3008A2132 /* AppDelegate.swift in Sources */,
				D54482B0233B7B5F002B7FB7 /* MirrorViewController.swift in Sources */,
			);
			runOnlyForDeploymentPostprocessing = 0;
		};
/* End PBXSourcesBuildPhase section */

/* Begin PBXVariantGroup section */
		D5184C15232F7BF3008A2132 /* Main.storyboard */ = {
			isa = PBXVariantGroup;
			children = (
				D5184C16232F7BF3008A2132 /* Base */,
			);
			name = Main.storyboard;
			sourceTree = "<group>";
		};
		D5184C1A232F7BF4008A2132 /* LaunchScreen.storyboard */ = {
			isa = PBXVariantGroup;
			children = (
				D5184C1B232F7BF4008A2132 /* Base */,
			);
			name = LaunchScreen.storyboard;
			sourceTree = "<group>";
		};
/* End PBXVariantGroup section */

/* Begin XCBuildConfiguration section */
		D5184C1E232F7BF4008A2132 /* Debug */ = {
			isa = XCBuildConfiguration;
			buildSettings = {
				ALWAYS_SEARCH_USER_PATHS = NO;
				CLANG_ANALYZER_NONNULL = YES;
				CLANG_ANALYZER_NUMBER_OBJECT_CONVERSION = YES_AGGRESSIVE;
				CLANG_CXX_LANGUAGE_STANDARD = "gnu++14";
				CLANG_CXX_LIBRARY = "libc++";
				CLANG_ENABLE_MODULES = YES;
				CLANG_ENABLE_OBJC_ARC = YES;
				CLANG_ENABLE_OBJC_WEAK = YES;
				CLANG_WARN_BLOCK_CAPTURE_AUTORELEASING = YES;
				CLANG_WARN_BOOL_CONVERSION = YES;
				CLANG_WARN_COMMA = YES;
				CLANG_WARN_CONSTANT_CONVERSION = YES;
				CLANG_WARN_DEPRECATED_OBJC_IMPLEMENTATIONS = YES;
				CLANG_WARN_DIRECT_OBJC_ISA_USAGE = YES_ERROR;
				CLANG_WARN_DOCUMENTATION_COMMENTS = YES;
				CLANG_WARN_EMPTY_BODY = YES;
				CLANG_WARN_ENUM_CONVERSION = YES;
				CLANG_WARN_INFINITE_RECURSION = YES;
				CLANG_WARN_INT_CONVERSION = YES;
				CLANG_WARN_NON_LITERAL_NULL_CONVERSION = YES;
				CLANG_WARN_OBJC_IMPLICIT_RETAIN_SELF = YES;
				CLANG_WARN_OBJC_LITERAL_CONVERSION = YES;
				CLANG_WARN_OBJC_ROOT_CLASS = YES_ERROR;
				CLANG_WARN_RANGE_LOOP_ANALYSIS = YES;
				CLANG_WARN_STRICT_PROTOTYPES = YES;
				CLANG_WARN_SUSPICIOUS_MOVE = YES;
				CLANG_WARN_UNGUARDED_AVAILABILITY = YES_AGGRESSIVE;
				CLANG_WARN_UNREACHABLE_CODE = YES;
				CLANG_WARN__DUPLICATE_METHOD_MATCH = YES;
				CODE_SIGN_IDENTITY = "iPhone Developer";
				COPY_PHASE_STRIP = NO;
				DEBUG_INFORMATION_FORMAT = dwarf;
				ENABLE_STRICT_OBJC_MSGSEND = YES;
				ENABLE_TESTABILITY = YES;
				GCC_C_LANGUAGE_STANDARD = gnu11;
				GCC_DYNAMIC_NO_PIC = NO;
				GCC_NO_COMMON_BLOCKS = YES;
				GCC_OPTIMIZATION_LEVEL = 0;
				GCC_PREPROCESSOR_DEFINITIONS = (
					"DEBUG=1",
					"$(inherited)",
				);
				GCC_WARN_64_TO_32_BIT_CONVERSION = YES;
				GCC_WARN_ABOUT_RETURN_TYPE = YES_ERROR;
				GCC_WARN_UNDECLARED_SELECTOR = YES;
				GCC_WARN_UNINITIALIZED_AUTOS = YES_AGGRESSIVE;
				GCC_WARN_UNUSED_FUNCTION = YES;
				GCC_WARN_UNUSED_VARIABLE = YES;
				IPHONEOS_DEPLOYMENT_TARGET = 12.4;
				MTL_ENABLE_DEBUG_INFO = INCLUDE_SOURCE;
				MTL_FAST_MATH = YES;
				ONLY_ACTIVE_ARCH = YES;
				SDKROOT = iphoneos;
				SWIFT_ACTIVE_COMPILATION_CONDITIONS = DEBUG;
				SWIFT_OPTIMIZATION_LEVEL = "-Onone";
			};
			name = Debug;
		};
		D5184C1F232F7BF4008A2132 /* Release */ = {
			isa = XCBuildConfiguration;
			buildSettings = {
				ALWAYS_SEARCH_USER_PATHS = NO;
				CLANG_ANALYZER_NONNULL = YES;
				CLANG_ANALYZER_NUMBER_OBJECT_CONVERSION = YES_AGGRESSIVE;
				CLANG_CXX_LANGUAGE_STANDARD = "gnu++14";
				CLANG_CXX_LIBRARY = "libc++";
				CLANG_ENABLE_MODULES = YES;
				CLANG_ENABLE_OBJC_ARC = YES;
				CLANG_ENABLE_OBJC_WEAK = YES;
				CLANG_WARN_BLOCK_CAPTURE_AUTORELEASING = YES;
				CLANG_WARN_BOOL_CONVERSION = YES;
				CLANG_WARN_COMMA = YES;
				CLANG_WARN_CONSTANT_CONVERSION = YES;
				CLANG_WARN_DEPRECATED_OBJC_IMPLEMENTATIONS = YES;
				CLANG_WARN_DIRECT_OBJC_ISA_USAGE = YES_ERROR;
				CLANG_WARN_DOCUMENTATION_COMMENTS = YES;
				CLANG_WARN_EMPTY_BODY = YES;
				CLANG_WARN_ENUM_CONVERSION = YES;
				CLANG_WARN_INFINITE_RECURSION = YES;
				CLANG_WARN_INT_CONVERSION = YES;
				CLANG_WARN_NON_LITERAL_NULL_CONVERSION = YES;
				CLANG_WARN_OBJC_IMPLICIT_RETAIN_SELF = YES;
				CLANG_WARN_OBJC_LITERAL_CONVERSION = YES;
				CLANG_WARN_OBJC_ROOT_CLASS = YES_ERROR;
				CLANG_WARN_RANGE_LOOP_ANALYSIS = YES;
				CLANG_WARN_STRICT_PROTOTYPES = YES;
				CLANG_WARN_SUSPICIOUS_MOVE = YES;
				CLANG_WARN_UNGUARDED_AVAILABILITY = YES_AGGRESSIVE;
				CLANG_WARN_UNREACHABLE_CODE = YES;
				CLANG_WARN__DUPLICATE_METHOD_MATCH = YES;
				CODE_SIGN_IDENTITY = "iPhone Developer";
				COPY_PHASE_STRIP = NO;
				DEBUG_INFORMATION_FORMAT = "dwarf-with-dsym";
				ENABLE_NS_ASSERTIONS = NO;
				ENABLE_STRICT_OBJC_MSGSEND = YES;
				GCC_C_LANGUAGE_STANDARD = gnu11;
				GCC_NO_COMMON_BLOCKS = YES;
				GCC_WARN_64_TO_32_BIT_CONVERSION = YES;
				GCC_WARN_ABOUT_RETURN_TYPE = YES_ERROR;
				GCC_WARN_UNDECLARED_SELECTOR = YES;
				GCC_WARN_UNINITIALIZED_AUTOS = YES_AGGRESSIVE;
				GCC_WARN_UNUSED_FUNCTION = YES;
				GCC_WARN_UNUSED_VARIABLE = YES;
				IPHONEOS_DEPLOYMENT_TARGET = 12.4;
				MTL_ENABLE_DEBUG_INFO = NO;
				MTL_FAST_MATH = YES;
				SDKROOT = iphoneos;
				SWIFT_COMPILATION_MODE = wholemodule;
				SWIFT_OPTIMIZATION_LEVEL = "-O";
				VALIDATE_PRODUCT = YES;
			};
			name = Release;
		};
		D5184C21232F7BF4008A2132 /* Debug */ = {
			isa = XCBuildConfiguration;
			buildSettings = {
				ASSETCATALOG_COMPILER_APPICON_NAME = AppIcon;
				CODE_SIGN_IDENTITY = "iPhone Developer";
				CODE_SIGN_STYLE = Automatic;
				DEVELOPMENT_TEAM = 693NZ69PJ7;
				INFOPLIST_FILE = VideoPlayerExample/Info.plist;
				IPHONEOS_DEPLOYMENT_TARGET = 11.0;
				LD_RUNPATH_SEARCH_PATHS = (
					"$(inherited)",
					"@executable_path/Frameworks",
				);
				PRODUCT_BUNDLE_IDENTIFIER = com.ttuygun.VideoPlayerExample;
				PRODUCT_NAME = "$(TARGET_NAME)";
				PROVISIONING_PROFILE_SPECIFIER = "";
				SWIFT_VERSION = 5.0;
				TARGETED_DEVICE_FAMILY = "1,2";
			};
			name = Debug;
		};
		D5184C22232F7BF4008A2132 /* Release */ = {
			isa = XCBuildConfiguration;
			buildSettings = {
				ASSETCATALOG_COMPILER_APPICON_NAME = AppIcon;
				CODE_SIGN_IDENTITY = "iPhone Developer";
				CODE_SIGN_STYLE = Automatic;
				DEVELOPMENT_TEAM = 693NZ69PJ7;
				INFOPLIST_FILE = VideoPlayerExample/Info.plist;
				IPHONEOS_DEPLOYMENT_TARGET = 11.0;
				LD_RUNPATH_SEARCH_PATHS = (
					"$(inherited)",
					"@executable_path/Frameworks",
				);
				PRODUCT_BUNDLE_IDENTIFIER = com.ttuygun.VideoPlayerExample;
				PRODUCT_NAME = "$(TARGET_NAME)";
				PROVISIONING_PROFILE_SPECIFIER = "";
				SWIFT_VERSION = 5.0;
				TARGETED_DEVICE_FAMILY = "1,2";
			};
			name = Release;
		};
/* End XCBuildConfiguration section */

/* Begin XCConfigurationList section */
		D5184C09232F7BF3008A2132 /* Build configuration list for PBXProject "VideoPlayerExample" */ = {
			isa = XCConfigurationList;
			buildConfigurations = (
				D5184C1E232F7BF4008A2132 /* Debug */,
				D5184C1F232F7BF4008A2132 /* Release */,
			);
			defaultConfigurationIsVisible = 0;
			defaultConfigurationName = Release;
		};
		D5184C20232F7BF4008A2132 /* Build configuration list for PBXNativeTarget "VideoPlayerExample" */ = {
			isa = XCConfigurationList;
			buildConfigurations = (
				D5184C21232F7BF4008A2132 /* Debug */,
				D5184C22232F7BF4008A2132 /* Release */,
			);
			defaultConfigurationIsVisible = 0;
			defaultConfigurationName = Release;
		};
/* End XCConfigurationList section */
	};
	rootObject = D5184C06232F7BF3008A2132 /* Project object */;
}
